
Microsoft Visual Studio Solution File, Format Version 12.00
# Visual Studio 15
Project("{FAE04EC0-301F-11D3-BF4B-00C04F79EFBC}") = "Assembly-CSharp", "Assembly-CSharp.csproj", "{E1651611-0B1C-5D62-F0D4-7EB777B42832}"
EndProject
Project("{FAE04EC0-301F-11D3-BF4B-00C04F79EFBC}") = "Core", "..\Core\Core.csproj", "{9C9BCA87-6916-4830-979A-0BB83EBD8677}"
EndProject
Global
	GlobalSection(SolutionConfigurationPlatforms) = preSolution
		Debug|Any CPU = Debug|Any CPU
		Release|Any CPU = Release|Any CPU
	EndGlobalSection
	GlobalSection(ProjectConfigurationPlatforms) = postSolution
		{E1651611-0B1C-5D62-F0D4-7EB777B42832}.Debug|Any CPU.ActiveCfg = Debug|Any CPU
		{E1651611-0B1C-5D62-F0D4-7EB777B42832}.Debug|Any CPU.Build.0 = Debug|Any CPU
		{E1651611-0B1C-5D62-F0D4-7EB777B42832}.Release|Any CPU.ActiveCfg = Release|Any CPU
		{E1651611-0B1C-5D62-F0D4-7EB777B42832}.Release|Any CPU.Build.0 = Release|Any CPU
		{9C9BCA87-6916-4830-979A-0BB83EBD8677}.Debug|Any CPU.ActiveCfg = Debug|Any CPU
		{9C9BCA87-6916-4830-979A-0BB83EBD8677}.Debug|Any CPU.Build.0 = Debug|Any CPU
		{9C9BCA87-6916-4830-979A-0BB83EBD8677}.Release|Any CPU.ActiveCfg = Release|Any CPU
		{9C9BCA87-6916-4830-979A-0BB83EBD8677}.Release|Any CPU.Build.0 = Release|Any CPU
	EndGlobalSection
	GlobalSection(SolutionProperties) = preSolution
		HideSolutionNode = FALSE
	EndGlobalSection
EndGlobal
